
Microsoft Visual Studio Solution File, Format Version 12.00
# Visual Studio Version 17
VisualStudioVersion = 17.13.35818.85 d17.13
MinimumVisualStudioVersion = 10.0.40219.1
Project("{FAE04EC0-301F-11D3-BF4B-00C04F79EFBC}") = "Decryptor", "Decryptor.csproj", "{27C5B94E-7D7A-49F4-9DAC-DBC4D36C94DB}"
EndProject
Global
	GlobalSection(SolutionConfigurationPlatforms) = preSolution
		Debug|Any CPU = Debug|Any CPU
		Release|Any CPU = Release|Any CPU
	EndGlobalSection
	GlobalSection(ProjectConfigurationPlatforms) = postSolution
		{27C5B94E-7D7A-49F4-9DAC-DBC4D36C94DB}.Debug|Any CPU.ActiveCfg = Debug|Any CPU
		{27C5B94E-7D7A-49F4-9DAC-DBC4D36C94DB}.Debug|Any CPU.Build.0 = Debug|Any CPU
		{27C5B94E-7D7A-49F4-9DAC-DBC4D36C94DB}.Release|Any CPU.ActiveCfg = Release|Any CPU
		{27C5B94E-7D7A-49F4-9DAC-DBC4D36C94DB}.Release|Any CPU.Build.0 = Release|Any CPU
	EndGlobalSection
	GlobalSection(SolutionProperties) = preSolution
		HideSolutionNode = FALSE
	EndGlobalSection
	GlobalSection(ExtensibilityGlobals) = postSolution
		SolutionGuid = {72ECF29F-8899-4F92-AB20-EBBDD9DBC9CB}
	EndGlobalSection
EndGlobal
